// !$*UTF8*$!
{
	archiveVersion = 1;
	classes = {
	};
	objectVersion = 46;
	objects = {

/* Begin PBXBuildFile section */
		3FB9DE7CF26EDF2BAF9D0568 /* Pods_TestMasonry.framework in Frameworks */ = {isa = PBXBuildFile; fileRef = 742D1DADE123F385B7649D5E /* Pods_TestMasonry.framework */; };
		E519CC721DC34AD7000260B1 /* main.m in Sources */ = {isa = PBXBuildFile; fileRef = E519CC711DC34AD7000260B1 /* main.m */; };
		E519CC751DC34AD7000260B1 /* AppDelegate.m in Sources */ = {isa = PBXBuildFile; fileRef = E519CC741DC34AD7000260B1 /* AppDelegate.m */; };
		E519CC781DC34AD7000260B1 /* ViewController.m in Sources */ = {isa = PBXBuildFile; fileRef = E519CC771DC34AD7000260B1 /* ViewController.m */; };
		E519CC7B1DC34AD7000260B1 /* Main.storyboard in Resources */ = {isa = PBXBuildFile; fileRef = E519CC791DC34AD7000260B1 /* Main.storyboard */; };
		E519CC7D1DC34AD7000260B1 /* Assets.xcassets in Resources */ = {isa = PBXBuildFile; fileRef = E519CC7C1DC34AD7000260B1 /* Assets.xcassets */; };
		E519CC801DC34AD7000260B1 /* LaunchScreen.storyboard in Resources */ = {isa = PBXBuildFile; fileRef = E519CC7E1DC34AD7000260B1 /* LaunchScreen.storyboard */; };
		E5BAF1361DC828BB00DC724E /* FDTemplateLayoutViewController.m in Sources */ = {isa = PBXBuildFile; fileRef = E5BAF1331DC828BB00DC724E /* FDTemplateLayoutViewController.m */; };
		E5BAF1371DC828BB00DC724E /* TableViewPersonCell.m in Sources */ = {isa = PBXBuildFile; fileRef = E5BAF1351DC828BB00DC724E /* TableViewPersonCell.m */; };
		E5BAF13B1DC829EC00DC724E /* ScrollViewController.m in Sources */ = {isa = PBXBuildFile; fileRef = E5BAF13A1DC829EC00DC724E /* ScrollViewController.m */; };
/* End PBXBuildFile section */

/* Begin PBXFileReference section */
		6D1BE740181CC1D4FC6ECC0A /* Pods-TestMasonry.release.xcconfig */ = {isa = PBXFileReference; includeInIndex = 1; lastKnownFileType = text.xcconfig; name = "Pods-TestMasonry.release.xcconfig"; path = "Pods/Target Support Files/Pods-TestMasonry/Pods-TestMasonry.release.xcconfig"; sourceTree = "<group>"; };
		742D1DADE123F385B7649D5E /* Pods_TestMasonry.framework */ = {isa = PBXFileReference; explicitFileType = wrapper.framework; includeInIndex = 0; path = Pods_TestMasonry.framework; sourceTree = BUILT_PRODUCTS_DIR; };
		8A36AED3D1CAFAD17A4476C1 /* Pods-TestMasonry.debug.xcconfig */ = {isa = PBXFileReference; includeInIndex = 1; lastKnownFileType = text.xcconfig; name = "Pods-TestMasonry.debug.xcconfig"; path = "Pods/Target Support Files/Pods-TestMasonry/Pods-TestMasonry.debug.xcconfig"; sourceTree = "<group>"; };
		E519CC6D1DC34AD7000260B1 /* TestMasonry.app */ = {isa = PBXFileReference; explicitFileType = wrapper.application; includeInIndex = 0; path = TestMasonry.app; sourceTree = BUILT_PRODUCTS_DIR; };
		E519CC711DC34AD7000260B1 /* main.m */ = {isa = PBXFileReference; lastKnownFileType = sourcecode.c.objc; path = main.m; sourceTree = "<group>"; };
		E519CC731DC34AD7000260B1 /* AppDelegate.h */ = {isa = PBXFileReference; lastKnownFileType = sourcecode.c.h; path = AppDelegate.h; sourceTree = "<group>"; };
		E519CC741DC34AD7000260B1 /* AppDelegate.m */ = {isa = PBXFileReference; lastKnownFileType = sourcecode.c.objc; path = AppDelegate.m; sourceTree = "<group>"; };
		E519CC761DC34AD7000260B1 /* ViewController.h */ = {isa = PBXFileReference; lastKnownFileType = sourcecode.c.h; path = ViewController.h; sourceTree = "<group>"; };
		E519CC771DC34AD7000260B1 /* ViewController.m */ = {isa = PBXFileReference; lastKnownFileType = sourcecode.c.objc; path = ViewController.m; sourceTree = "<group>"; };
		E519CC7A1DC34AD7000260B1 /* Base */ = {isa = PBXFileReference; lastKnownFileType = file.storyboard; name = Base; path = Base.lproj/Main.storyboard; sourceTree = "<group>"; };
		E519CC7C1DC34AD7000260B1 /* Assets.xcassets */ = {isa = PBXFileReference; lastKnownFileType = folder.assetcatalog; path = Assets.xcassets; sourceTree = "<group>"; };
		E519CC7F1DC34AD7000260B1 /* Base */ = {isa = PBXFileReference; lastKnownFileType = file.storyboard; name = Base; path = Base.lproj/LaunchScreen.storyboard; sourceTree = "<group>"; };
		E519CC811DC34AD7000260B1 /* Info.plist */ = {isa = PBXFileReference; lastKnownFileType = text.plist.xml; path = Info.plist; sourceTree = "<group>"; };
		E5BAF1321DC828BB00DC724E /* FDTemplateLayoutViewController.h */ = {isa = PBXFileReference; fileEncoding = 4; lastKnownFileType = sourcecode.c.h; path = FDTemplateLayoutViewController.h; sourceTree = "<group>"; };
		E5BAF1331DC828BB00DC724E /* FDTemplateLayoutViewController.m */ = {isa = PBXFileReference; fileEncoding = 4; lastKnownFileType = sourcecode.c.objc; path = FDTemplateLayoutViewController.m; sourceTree = "<group>"; };
		E5BAF1341DC828BB00DC724E /* TableViewPersonCell.h */ = {isa = PBXFileReference; fileEncoding = 4; lastKnownFileType = sourcecode.c.h; path = TableViewPersonCell.h; sourceTree = "<group>"; };
		E5BAF1351DC828BB00DC724E /* TableViewPersonCell.m */ = {isa = PBXFileReference; fileEncoding = 4; lastKnownFileType = sourcecode.c.objc; path = TableViewPersonCell.m; sourceTree = "<group>"; };
		E5BAF1391DC829EC00DC724E /* ScrollViewController.h */ = {isa = PBXFileReference; fileEncoding = 4; lastKnownFileType = sourcecode.c.h; path = ScrollViewController.h; sourceTree = "<group>"; };
		E5BAF13A1DC829EC00DC724E /* ScrollViewController.m */ = {isa = PBXFileReference; fileEncoding = 4; lastKnownFileType = sourcecode.c.objc; path = ScrollViewController.m; sourceTree = "<group>"; };
/* End PBXFileReference section */

/* Begin PBXFrameworksBuildPhase section */
		E519CC6A1DC34AD7000260B1 /* Frameworks */ = {
			isa = PBXFrameworksBuildPhase;
			buildActionMask = 2147483647;
			files = (
				3FB9DE7CF26EDF2BAF9D0568 /* Pods_TestMasonry.framework in Frameworks */,
			);
			runOnlyForDeploymentPostprocessing = 0;
		};
/* End PBXFrameworksBuildPhase section */

/* Begin PBXGroup section */
		4BA4F2FE7D5CC92D26679CF6 /* Frameworks */ = {
			isa = PBXGroup;
			children = (
				742D1DADE123F385B7649D5E /* Pods_TestMasonry.framework */,
			);
			name = Frameworks;
			sourceTree = "<group>";
		};
		8B691236331D8DCCE930035E /* Pods */ = {
			isa = PBXGroup;
			children = (
				8A36AED3D1CAFAD17A4476C1 /* Pods-TestMasonry.debug.xcconfig */,
				6D1BE740181CC1D4FC6ECC0A /* Pods-TestMasonry.release.xcconfig */,
			);
			name = Pods;
			sourceTree = "<group>";
		};
		E519CC641DC34AD7000260B1 = {
			isa = PBXGroup;
			children = (
				E519CC6F1DC34AD7000260B1 /* TestMasonry */,
				E519CC6E1DC34AD7000260B1 /* Products */,
				8B691236331D8DCCE930035E /* Pods */,
				4BA4F2FE7D5CC92D26679CF6 /* Frameworks */,
			);
			sourceTree = "<group>";
		};
		E519CC6E1DC34AD7000260B1 /* Products */ = {
			isa = PBXGroup;
			children = (
				E519CC6D1DC34AD7000260B1 /* TestMasonry.app */,
			);
			name = Products;
			sourceTree = "<group>";
		};
		E519CC6F1DC34AD7000260B1 /* TestMasonry */ = {
			isa = PBXGroup;
			children = (
				E519CC731DC34AD7000260B1 /* AppDelegate.h */,
				E519CC741DC34AD7000260B1 /* AppDelegate.m */,
				E519CC761DC34AD7000260B1 /* ViewController.h */,
				E519CC771DC34AD7000260B1 /* ViewController.m */,
				E5BAF1381DC829C900DC724E /* ScrollViewTest */,
				E5BAF1311DC828BB00DC724E /* FDTemplateLayoutTest */,
				E519CC791DC34AD7000260B1 /* Main.storyboard */,
				E519CC7C1DC34AD7000260B1 /* Assets.xcassets */,
				E519CC7E1DC34AD7000260B1 /* LaunchScreen.storyboard */,
				E519CC811DC34AD7000260B1 /* Info.plist */,
				E519CC701DC34AD7000260B1 /* Supporting Files */,
			);
			path = TestMasonry;
			sourceTree = "<group>";
		};
		E519CC701DC34AD7000260B1 /* Supporting Files */ = {
			isa = PBXGroup;
			children = (
				E519CC711DC34AD7000260B1 /* main.m */,
			);
			name = "Supporting Files";
			sourceTree = "<group>";
		};
		E5BAF1311DC828BB00DC724E /* FDTemplateLayoutTest */ = {
			isa = PBXGroup;
			children = (
				E5BAF1321DC828BB00DC724E /* FDTemplateLayoutViewController.h */,
				E5BAF1331DC828BB00DC724E /* FDTemplateLayoutViewController.m */,
				E5BAF1341DC828BB00DC724E /* TableViewPersonCell.h */,
				E5BAF1351DC828BB00DC724E /* TableViewPersonCell.m */,
			);
			path = FDTemplateLayoutTest;
			sourceTree = "<group>";
		};
		E5BAF1381DC829C900DC724E /* ScrollViewTest */ = {
			isa = PBXGroup;
			children = (
				E5BAF1391DC829EC00DC724E /* ScrollViewController.h */,
				E5BAF13A1DC829EC00DC724E /* ScrollViewController.m */,
			);
			path = ScrollViewTest;
			sourceTree = "<group>";
		};
/* End PBXGroup section */

/* Begin PBXNativeTarget section */
		E519CC6C1DC34AD7000260B1 /* TestMasonry */ = {
			isa = PBXNativeTarget;
			buildConfigurationList = E519CC841DC34AD7000260B1 /* Build configuration list for PBXNativeTarget "TestMasonry" */;
			buildPhases = (
				F307395B5C36CFCD2EBDF7BD /* [CP] Check Pods Manifest.lock */,
				E519CC691DC34AD7000260B1 /* Sources */,
				E519CC6A1DC34AD7000260B1 /* Frameworks */,
				E519CC6B1DC34AD7000260B1 /* Resources */,
				CD45CA56F6731D5233065C7D /* [CP] Embed Pods Frameworks */,
				FB3EEC74F76AC33C08427E25 /* [CP] Copy Pods Resources */,
			);
			buildRules = (
			);
			dependencies = (
			);
			name = TestMasonry;
			productName = TestMasonry;
			productReference = E519CC6D1DC34AD7000260B1 /* TestMasonry.app */;
			productType = "com.apple.product-type.application";
		};
/* End PBXNativeTarget section */

/* Begin PBXProject section */
		E519CC651DC34AD7000260B1 /* Project object */ = {
			isa = PBXProject;
			attributes = {
				LastUpgradeCheck = 0800;
				ORGANIZATIONNAME = jianwei;
				TargetAttributes = {
					E519CC6C1DC34AD7000260B1 = {
						CreatedOnToolsVersion = 8.0;
						DevelopmentTeam = RN42P92PY7;
						ProvisioningStyle = Automatic;
					};
				};
			};
			buildConfigurationList = E519CC681DC34AD7000260B1 /* Build configuration list for PBXProject "TestMasonry" */;
			compatibilityVersion = "Xcode 3.2";
			developmentRegion = English;
			hasScannedForEncodings = 0;
			knownRegions = (
				en,
				Base,
			);
			mainGroup = E519CC641DC34AD7000260B1;
			productRefGroup = E519CC6E1DC34AD7000260B1 /* Products */;
			projectDirPath = "";
			projectRoot = "";
			targets = (
				E519CC6C1DC34AD7000260B1 /* TestMasonry */,
			);
		};
/* End PBXProject section */

/* Begin PBXResourcesBuildPhase section */
		E519CC6B1DC34AD7000260B1 /* Resources */ = {
			isa = PBXResourcesBuildPhase;
			buildActionMask = 2147483647;
			files = (
				E519CC801DC34AD7000260B1 /* LaunchScreen.storyboard in Resources */,
				E519CC7D1DC34AD7000260B1 /* Assets.xcassets in Resources */,
				E519CC7B1DC34AD7000260B1 /* Main.storyboard in Resources */,
			);
			runOnlyForDeploymentPostprocessing = 0;
		};
/* End PBXResourcesBuildPhase section */

/* Begin PBXShellScriptBuildPhase section */
		CD45CA56F6731D5233065C7D /* [CP] Embed Pods Frameworks */ = {
			isa = PBXShellScriptBuildPhase;
			buildActionMask = 2147483647;
			files = (
			);
			inputPaths = (
			);
			name = "[CP] Embed Pods Frameworks";
			outputPaths = (
			);
			runOnlyForDeploymentPostprocessing = 0;
			shellPath = /bin/sh;
			shellScript = "\"${SRCROOT}/Pods/Target Support Files/Pods-TestMasonry/Pods-TestMasonry-frameworks.sh\"\n";
			showEnvVarsInLog = 0;
		};
		F307395B5C36CFCD2EBDF7BD /* [CP] Check Pods Manifest.lock */ = {
			isa = PBXShellScriptBuildPhase;
			buildActionMask = 2147483647;
			files = (
			);
			inputPaths = (
			);
			name = "[CP] Check Pods Manifest.lock";
			outputPaths = (
			);
			runOnlyForDeploymentPostprocessing = 0;
			shellPath = /bin/sh;
			shellScript = "diff \"${PODS_ROOT}/../Podfile.lock\" \"${PODS_ROOT}/Manifest.lock\" > /dev/null\nif [ $? != 0 ] ; then\n    # print error to STDERR\n    echo \"error: The sandbox is not in sync with the Podfile.lock. Run 'pod install' or update your CocoaPods installation.\" >&2\n    exit 1\nfi\n";
			showEnvVarsInLog = 0;
		};
		FB3EEC74F76AC33C08427E25 /* [CP] Copy Pods Resources */ = {
			isa = PBXShellScriptBuildPhase;
			buildActionMask = 2147483647;
			files = (
			);
			inputPaths = (
			);
			name = "[CP] Copy Pods Resources";
			outputPaths = (
			);
			runOnlyForDeploymentPostprocessing = 0;
			shellPath = /bin/sh;
			shellScript = "\"${SRCROOT}/Pods/Target Support Files/Pods-TestMasonry/Pods-TestMasonry-resources.sh\"\n";
			showEnvVarsInLog = 0;
		};
/* End PBXShellScriptBuildPhase section */

/* Begin PBXSourcesBuildPhase section */
		E519CC691DC34AD7000260B1 /* Sources */ = {
			isa = PBXSourcesBuildPhase;
			buildActionMask = 2147483647;
			files = (
				E5BAF13B1DC829EC00DC724E /* ScrollViewController.m in Sources */,
				E5BAF1361DC828BB00DC724E /* FDTemplateLayoutViewController.m in Sources */,
				E519CC781DC34AD7000260B1 /* ViewController.m in Sources */,
				E5BAF1371DC828BB00DC724E /* TableViewPersonCell.m in Sources */,
				E519CC751DC34AD7000260B1 /* AppDelegate.m in Sources */,
				E519CC721DC34AD7000260B1 /* main.m in Sources */,
			);
			runOnlyForDeploymentPostprocessing = 0;
		};
/* End PBXSourcesBuildPhase section */

/* Begin PBXVariantGroup section */
		E519CC791DC34AD7000260B1 /* Main.storyboard */ = {
			isa = PBXVariantGroup;
			children = (
				E519CC7A1DC34AD7000260B1 /* Base */,
			);
			name = Main.storyboard;
			sourceTree = "<group>";
		};
		E519CC7E1DC34AD7000260B1 /* LaunchScreen.storyboard */ = {
			isa = PBXVariantGroup;
			children = (
				E519CC7F1DC34AD7000260B1 /* Base */,
			);
			name = LaunchScreen.storyboard;
			sourceTree = "<group>";
		};
/* End PBXVariantGroup section */

/* Begin XCBuildConfiguration section */
		E519CC821DC34AD7000260B1 /* Debug */ = {
			isa = XCBuildConfiguration;
			buildSettings = {
				ALWAYS_SEARCH_USER_PATHS = NO;
				CLANG_ANALYZER_NONNULL = YES;
				CLANG_CXX_LANGUAGE_STANDARD = "gnu++0x";
				CLANG_CXX_LIBRARY = "libc++";
				CLANG_ENABLE_MODULES = YES;
				CLANG_ENABLE_OBJC_ARC = YES;
				CLANG_WARN_BOOL_CONVERSION = YES;
				CLANG_WARN_CONSTANT_CONVERSION = YES;
				CLANG_WARN_DIRECT_OBJC_ISA_USAGE = YES_ERROR;
				CLANG_WARN_DOCUMENTATION_COMMENTS = YES;
				CLANG_WARN_EMPTY_BODY = YES;
				CLANG_WARN_ENUM_CONVERSION = YES;
				CLANG_WARN_INFINITE_RECURSION = YES;
				CLANG_WARN_INT_CONVERSION = YES;
				CLANG_WARN_OBJC_ROOT_CLASS = YES_ERROR;
				CLANG_WARN_SUSPICIOUS_MOVES = YES;
				CLANG_WARN_UNREACHABLE_CODE = YES;
				CLANG_WARN__DUPLICATE_METHOD_MATCH = YES;
				"CODE_SIGN_IDENTITY[sdk=iphoneos*]" = "iPhone Developer";
				COPY_PHASE_STRIP = NO;
				DEBUG_INFORMATION_FORMAT = dwarf;
				ENABLE_STRICT_OBJC_MSGSEND = YES;
				ENABLE_TESTABILITY = YES;
				GCC_C_LANGUAGE_STANDARD = gnu99;
				GCC_DYNAMIC_NO_PIC = NO;
				GCC_NO_COMMON_BLOCKS = YES;
				GCC_OPTIMIZATION_LEVEL = 0;
				GCC_PREPROCESSOR_DEFINITIONS = (
					"DEBUG=1",
					"$(inherited)",
				);
				GCC_WARN_64_TO_32_BIT_CONVERSION = YES;
				GCC_WARN_ABOUT_RETURN_TYPE = YES_ERROR;
				GCC_WARN_UNDECLARED_SELECTOR = YES;
				GCC_WARN_UNINITIALIZED_AUTOS = YES_AGGRESSIVE;
				GCC_WARN_UNUSED_FUNCTION = YES;
				GCC_WARN_UNUSED_VARIABLE = YES;
				IPHONEOS_DEPLOYMENT_TARGET = 10.0;
				MTL_ENABLE_DEBUG_INFO = YES;
				ONLY_ACTIVE_ARCH = YES;
				SDKROOT = iphoneos;
				TARGETED_DEVICE_FAMILY = "1,2";
			};
			name = Debug;
		};
		E519CC831DC34AD7000260B1 /* Release */ = {
			isa = XCBuildConfiguration;
			buildSettings = {
				ALWAYS_SEARCH_USER_PATHS = NO;
				CLANG_ANALYZER_NONNULL = YES;
				CLANG_CXX_LANGUAGE_STANDARD = "gnu++0x";
				CLANG_CXX_LIBRARY = "libc++";
				CLANG_ENABLE_MODULES = YES;
				CLANG_ENABLE_OBJC_ARC = YES;
				CLANG_WARN_BOOL_CONVERSION = YES;
				CLANG_WARN_CONSTANT_CONVERSION = YES;
				CLANG_WARN_DIRECT_OBJC_ISA_USAGE = YES_ERROR;
				CLANG_WARN_DOCUMENTATION_COMMENTS = YES;
				CLANG_WARN_EMPTY_BODY = YES;
				CLANG_WARN_ENUM_CONVERSION = YES;
				CLANG_WARN_INFINITE_RECURSION = YES;
				CLANG_WARN_INT_CONVERSION = YES;
				CLANG_WARN_OBJC_ROOT_CLASS = YES_ERROR;
				CLANG_WARN_SUSPICIOUS_MOVES = YES;
				CLANG_WARN_UNREACHABLE_CODE = YES;
				CLANG_WARN__DUPLICATE_METHOD_MATCH = YES;
				"CODE_SIGN_IDENTITY[sdk=iphoneos*]" = "iPhone Developer";
				COPY_PHASE_STRIP = NO;
				DEBUG_INFORMATION_FORMAT = "dwarf-with-dsym";
				ENABLE_NS_ASSERTIONS = NO;
				ENABLE_STRICT_OBJC_MSGSEND = YES;
				GCC_C_LANGUAGE_STANDARD = gnu99;
				GCC_NO_COMMON_BLOCKS = YES;
				GCC_WARN_64_TO_32_BIT_CONVERSION = YES;
				GCC_WARN_ABOUT_RETURN_TYPE = YES_ERROR;
				GCC_WARN_UNDECLARED_SELECTOR = YES;
				GCC_WARN_UNINITIALIZED_AUTOS = YES_AGGRESSIVE;
				GCC_WARN_UNUSED_FUNCTION = YES;
				GCC_WARN_UNUSED_VARIABLE = YES;
				IPHONEOS_DEPLOYMENT_TARGET = 10.0;
				MTL_ENABLE_DEBUG_INFO = NO;
				SDKROOT = iphoneos;
				TARGETED_DEVICE_FAMILY = "1,2";
				VALIDATE_PRODUCT = YES;
			};
			name = Release;
		};
		E519CC851DC34AD7000260B1 /* Debug */ = {
			isa = XCBuildConfiguration;
			baseConfigurationReference = 8A36AED3D1CAFAD17A4476C1 /* Pods-TestMasonry.debug.xcconfig */;
			buildSettings = {
				ASSETCATALOG_COMPILER_APPICON_NAME = AppIcon;
				DEVELOPMENT_TEAM = RN42P92PY7;
				INFOPLIST_FILE = TestMasonry/Info.plist;
				IPHONEOS_DEPLOYMENT_TARGET = 8.3;
				LD_RUNPATH_SEARCH_PATHS = "$(inherited) @executable_path/Frameworks";
				PRODUCT_BUNDLE_IDENTIFIER = "com.up.--";
				PRODUCT_NAME = "$(TARGET_NAME)";
			};
			name = Debug;
		};
		E519CC861DC34AD7000260B1 /* Release */ = {
			isa = XCBuildConfiguration;
			baseConfigurationReference = 6D1BE740181CC1D4FC6ECC0A /* Pods-TestMasonry.release.xcconfig */;
			buildSettings = {
				ASSETCATALOG_COMPILER_APPICON_NAME = AppIcon;
				DEVELOPMENT_TEAM = RN42P92PY7;
				INFOPLIST_FILE = TestMasonry/Info.plist;
				IPHONEOS_DEPLOYMENT_TARGET = 8.3;
				LD_RUNPATH_SEARCH_PATHS = "$(inherited) @executable_path/Frameworks";
				PRODUCT_BUNDLE_IDENTIFIER = "com.up.--";
				PRODUCT_NAME = "$(TARGET_NAME)";
			};
			name = Release;
		};
/* End XCBuildConfiguration section */

/* Begin XCConfigurationList section */
		E519CC681DC34AD7000260B1 /* Build configuration list for PBXProject "TestMasonry" */ = {
			isa = XCConfigurationList;
			buildConfigurations = (
				E519CC821DC34AD7000260B1 /* Debug */,
				E519CC831DC34AD7000260B1 /* Release */,
			);
			defaultConfigurationIsVisible = 0;
			defaultConfigurationName = Release;
		};
		E519CC841DC34AD7000260B1 /* Build configuration list for PBXNativeTarget "TestMasonry" */ = {
			isa = XCConfigurationList;
			buildConfigurations = (
				E519CC851DC34AD7000260B1 /* Debug */,
				E519CC861DC34AD7000260B1 /* Release */,
			);
			defaultConfigurationIsVisible = 0;
			defaultConfigurationName = Release;
		};
/* End XCConfigurationList section */
	};
	rootObject = E519CC651DC34AD7000260B1 /* Project object */;
}
