// !$*UTF8*$!
{
	archiveVersion = 1;
	classes = {
	};
	objectVersion = 46;
	objects = {

/* Begin PBXBuildFile section */
		2115E3721D530F9900119C4B /* main.m in Sources */ = {isa = PBXBuildFile; fileRef = 2115E3711D530F9900119C4B /* main.m */; };
		2115E3751D530F9900119C4B /* AppDelegate.m in Sources */ = {isa = PBXBuildFile; fileRef = 2115E3741D530F9900119C4B /* AppDelegate.m */; };
		2115E3781D530F9900119C4B /* ViewController.m in Sources */ = {isa = PBXBuildFile; fileRef = 2115E3771D530F9900119C4B /* ViewController.m */; };
		2115E37B1D530F9900119C4B /* Main.storyboard in Resources */ = {isa = PBXBuildFile; fileRef = 2115E3791D530F9900119C4B /* Main.storyboard */; };
		2115E37D1D530F9900119C4B /* Assets.xcassets in Resources */ = {isa = PBXBuildFile; fileRef = 2115E37C1D530F9900119C4B /* Assets.xcassets */; };
		2115E3801D530F9900119C4B /* LaunchScreen.storyboard in Resources */ = {isa = PBXBuildFile; fileRef = 2115E37E1D530F9900119C4B /* LaunchScreen.storyboard */; };
		2115E38B1D530F9900119C4B /* GunDongViewTests.m in Sources */ = {isa = PBXBuildFile; fileRef = 2115E38A1D530F9900119C4B /* GunDongViewTests.m */; };
		2115E3961D530F9900119C4B /* GunDongViewUITests.m in Sources */ = {isa = PBXBuildFile; fileRef = 2115E3951D530F9900119C4B /* GunDongViewUITests.m */; };
		2115E3B71D532D5900119C4B /* UIView+ZJFrame.m in Sources */ = {isa = PBXBuildFile; fileRef = 2115E3A91D532D5900119C4B /* UIView+ZJFrame.m */; };
		2115E3B81D532D5900119C4B /* UIViewController+ZJScrollPageController.m in Sources */ = {isa = PBXBuildFile; fileRef = 2115E3AB1D532D5900119C4B /* UIViewController+ZJScrollPageController.m */; };
		2115E3B91D532D5900119C4B /* ZJContentView.m in Sources */ = {isa = PBXBuildFile; fileRef = 2115E3AD1D532D5900119C4B /* ZJContentView.m */; };
		2115E3BA1D532D5900119C4B /* ZJCustomLabel.m in Sources */ = {isa = PBXBuildFile; fileRef = 2115E3AF1D532D5900119C4B /* ZJCustomLabel.m */; };
		2115E3BB1D532D5900119C4B /* ZJScrollPageView.m in Sources */ = {isa = PBXBuildFile; fileRef = 2115E3B11D532D5900119C4B /* ZJScrollPageView.m */; };
		2115E3BC1D532D5900119C4B /* ZJScrollSegmentView.m in Sources */ = {isa = PBXBuildFile; fileRef = 2115E3B41D532D5900119C4B /* ZJScrollSegmentView.m */; };
		2115E3BD1D532D5900119C4B /* ZJSegmentStyle.m in Sources */ = {isa = PBXBuildFile; fileRef = 2115E3B61D532D5900119C4B /* ZJSegmentStyle.m */; };
		2115E3C01D532E0100119C4B /* TestViewController.m in Sources */ = {isa = PBXBuildFile; fileRef = 2115E3BF1D532E0100119C4B /* TestViewController.m */; };
		2115E3C41D53385100119C4B /* TestCell.m in Sources */ = {isa = PBXBuildFile; fileRef = 2115E3C21D53385100119C4B /* TestCell.m */; };
		2115E3C51D53385100119C4B /* TestCell.xib in Resources */ = {isa = PBXBuildFile; fileRef = 2115E3C31D53385100119C4B /* TestCell.xib */; };
/* End PBXBuildFile section */

/* Begin PBXContainerItemProxy section */
		2115E3871D530F9900119C4B /* PBXContainerItemProxy */ = {
			isa = PBXContainerItemProxy;
			containerPortal = 2115E3651D530F9900119C4B /* Project object */;
			proxyType = 1;
			remoteGlobalIDString = 2115E36C1D530F9900119C4B;
			remoteInfo = GunDongView;
		};
		2115E3921D530F9900119C4B /* PBXContainerItemProxy */ = {
			isa = PBXContainerItemProxy;
			containerPortal = 2115E3651D530F9900119C4B /* Project object */;
			proxyType = 1;
			remoteGlobalIDString = 2115E36C1D530F9900119C4B;
			remoteInfo = GunDongView;
		};
/* End PBXContainerItemProxy section */

/* Begin PBXFileReference section */
		2115E36D1D530F9900119C4B /* GunDongView.app */ = {isa = PBXFileReference; explicitFileType = wrapper.application; includeInIndex = 0; path = GunDongView.app; sourceTree = BUILT_PRODUCTS_DIR; };
		2115E3711D530F9900119C4B /* main.m */ = {isa = PBXFileReference; lastKnownFileType = sourcecode.c.objc; path = main.m; sourceTree = "<group>"; };
		2115E3731D530F9900119C4B /* AppDelegate.h */ = {isa = PBXFileReference; lastKnownFileType = sourcecode.c.h; path = AppDelegate.h; sourceTree = "<group>"; };
		2115E3741D530F9900119C4B /* AppDelegate.m */ = {isa = PBXFileReference; lastKnownFileType = sourcecode.c.objc; path = AppDelegate.m; sourceTree = "<group>"; };
		2115E3761D530F9900119C4B /* ViewController.h */ = {isa = PBXFileReference; lastKnownFileType = sourcecode.c.h; path = ViewController.h; sourceTree = "<group>"; };
		2115E3771D530F9900119C4B /* ViewController.m */ = {isa = PBXFileReference; lastKnownFileType = sourcecode.c.objc; path = ViewController.m; sourceTree = "<group>"; };
		2115E37A1D530F9900119C4B /* Base */ = {isa = PBXFileReference; lastKnownFileType = file.storyboard; name = Base; path = Base.lproj/Main.storyboard; sourceTree = "<group>"; };
		2115E37C1D530F9900119C4B /* Assets.xcassets */ = {isa = PBXFileReference; lastKnownFileType = folder.assetcatalog; path = Assets.xcassets; sourceTree = "<group>"; };
		2115E37F1D530F9900119C4B /* Base */ = {isa = PBXFileReference; lastKnownFileType = file.storyboard; name = Base; path = Base.lproj/LaunchScreen.storyboard; sourceTree = "<group>"; };
		2115E3811D530F9900119C4B /* Info.plist */ = {isa = PBXFileReference; lastKnownFileType = text.plist.xml; path = Info.plist; sourceTree = "<group>"; };
		2115E3861D530F9900119C4B /* GunDongViewTests.xctest */ = {isa = PBXFileReference; explicitFileType = wrapper.cfbundle; includeInIndex = 0; path = GunDongViewTests.xctest; sourceTree = BUILT_PRODUCTS_DIR; };
		2115E38A1D530F9900119C4B /* GunDongViewTests.m */ = {isa = PBXFileReference; lastKnownFileType = sourcecode.c.objc; path = GunDongViewTests.m; sourceTree = "<group>"; };
		2115E38C1D530F9900119C4B /* Info.plist */ = {isa = PBXFileReference; lastKnownFileType = text.plist.xml; path = Info.plist; sourceTree = "<group>"; };
		2115E3911D530F9900119C4B /* GunDongViewUITests.xctest */ = {isa = PBXFileReference; explicitFileType = wrapper.cfbundle; includeInIndex = 0; path = GunDongViewUITests.xctest; sourceTree = BUILT_PRODUCTS_DIR; };
		2115E3951D530F9900119C4B /* GunDongViewUITests.m */ = {isa = PBXFileReference; lastKnownFileType = sourcecode.c.objc; path = GunDongViewUITests.m; sourceTree = "<group>"; };
		2115E3971D530F9900119C4B /* Info.plist */ = {isa = PBXFileReference; lastKnownFileType = text.plist.xml; path = Info.plist; sourceTree = "<group>"; };
		2115E3A81D532D5900119C4B /* UIView+ZJFrame.h */ = {isa = PBXFileReference; fileEncoding = 4; lastKnownFileType = sourcecode.c.h; path = "UIView+ZJFrame.h"; sourceTree = "<group>"; };
		2115E3A91D532D5900119C4B /* UIView+ZJFrame.m */ = {isa = PBXFileReference; fileEncoding = 4; lastKnownFileType = sourcecode.c.objc; path = "UIView+ZJFrame.m"; sourceTree = "<group>"; };
		2115E3AA1D532D5900119C4B /* UIViewController+ZJScrollPageController.h */ = {isa = PBXFileReference; fileEncoding = 4; lastKnownFileType = sourcecode.c.h; path = "UIViewController+ZJScrollPageController.h"; sourceTree = "<group>"; };
		2115E3AB1D532D5900119C4B /* UIViewController+ZJScrollPageController.m */ = {isa = PBXFileReference; fileEncoding = 4; lastKnownFileType = sourcecode.c.objc; path = "UIViewController+ZJScrollPageController.m"; sourceTree = "<group>"; };
		2115E3AC1D532D5900119C4B /* ZJContentView.h */ = {isa = PBXFileReference; fileEncoding = 4; lastKnownFileType = sourcecode.c.h; path = ZJContentView.h; sourceTree = "<group>"; };
		2115E3AD1D532D5900119C4B /* ZJContentView.m */ = {isa = PBXFileReference; fileEncoding = 4; lastKnownFileType = sourcecode.c.objc; path = ZJContentView.m; sourceTree = "<group>"; };
		2115E3AE1D532D5900119C4B /* ZJCustomLabel.h */ = {isa = PBXFileReference; fileEncoding = 4; lastKnownFileType = sourcecode.c.h; path = ZJCustomLabel.h; sourceTree = "<group>"; };
		2115E3AF1D532D5900119C4B /* ZJCustomLabel.m */ = {isa = PBXFileReference; fileEncoding = 4; lastKnownFileType = sourcecode.c.objc; path = ZJCustomLabel.m; sourceTree = "<group>"; };
		2115E3B01D532D5900119C4B /* ZJScrollPageView.h */ = {isa = PBXFileReference; fileEncoding = 4; lastKnownFileType = sourcecode.c.h; path = ZJScrollPageView.h; sourceTree = "<group>"; };
		2115E3B11D532D5900119C4B /* ZJScrollPageView.m */ = {isa = PBXFileReference; fileEncoding = 4; lastKnownFileType = sourcecode.c.objc; path = ZJScrollPageView.m; sourceTree = "<group>"; };
		2115E3B21D532D5900119C4B /* ZJScrollPageViewDelegate.h */ = {isa = PBXFileReference; fileEncoding = 4; lastKnownFileType = sourcecode.c.h; path = ZJScrollPageViewDelegate.h; sourceTree = "<group>"; };
		2115E3B31D532D5900119C4B /* ZJScrollSegmentView.h */ = {isa = PBXFileReference; fileEncoding = 4; lastKnownFileType = sourcecode.c.h; path = ZJScrollSegmentView.h; sourceTree = "<group>"; };
		2115E3B41D532D5900119C4B /* ZJScrollSegmentView.m */ = {isa = PBXFileReference; fileEncoding = 4; lastKnownFileType = sourcecode.c.objc; path = ZJScrollSegmentView.m; sourceTree = "<group>"; };
		2115E3B51D532D5900119C4B /* ZJSegmentStyle.h */ = {isa = PBXFileReference; fileEncoding = 4; lastKnownFileType = sourcecode.c.h; path = ZJSegmentStyle.h; sourceTree = "<group>"; };
		2115E3B61D532D5900119C4B /* ZJSegmentStyle.m */ = {isa = PBXFileReference; fileEncoding = 4; lastKnownFileType = sourcecode.c.objc; path = ZJSegmentStyle.m; sourceTree = "<group>"; };
		2115E3BE1D532E0100119C4B /* TestViewController.h */ = {isa = PBXFileReference; fileEncoding = 4; lastKnownFileType = sourcecode.c.h; path = TestViewController.h; sourceTree = "<group>"; };
		2115E3BF1D532E0100119C4B /* TestViewController.m */ = {isa = PBXFileReference; fileEncoding = 4; lastKnownFileType = sourcecode.c.objc; path = TestViewController.m; sourceTree = "<group>"; };
		2115E3C11D53385100119C4B /* TestCell.h */ = {isa = PBXFileReference; fileEncoding = 4; lastKnownFileType = sourcecode.c.h; path = TestCell.h; sourceTree = "<group>"; };
		2115E3C21D53385100119C4B /* TestCell.m */ = {isa = PBXFileReference; fileEncoding = 4; lastKnownFileType = sourcecode.c.objc; path = TestCell.m; sourceTree = "<group>"; };
		2115E3C31D53385100119C4B /* TestCell.xib */ = {isa = PBXFileReference; fileEncoding = 4; lastKnownFileType = file.xib; path = TestCell.xib; sourceTree = "<group>"; };
/* End PBXFileReference section */

/* Begin PBXFrameworksBuildPhase section */
		2115E36A1D530F9900119C4B /* Frameworks */ = {
			isa = PBXFrameworksBuildPhase;
			buildActionMask = 2147483647;
			files = (
			);
			runOnlyForDeploymentPostprocessing = 0;
		};
		2115E3831D530F9900119C4B /* Frameworks */ = {
			isa = PBXFrameworksBuildPhase;
			buildActionMask = 2147483647;
			files = (
			);
			runOnlyForDeploymentPostprocessing = 0;
		};
		2115E38E1D530F9900119C4B /* Frameworks */ = {
			isa = PBXFrameworksBuildPhase;
			buildActionMask = 2147483647;
			files = (
			);
			runOnlyForDeploymentPostprocessing = 0;
		};
/* End PBXFrameworksBuildPhase section */

/* Begin PBXGroup section */
		2115E3641D530F9900119C4B = {
			isa = PBXGroup;
			children = (
				2115E3A71D532D5900119C4B /* ZJScrollPageView */,
				2115E36F1D530F9900119C4B /* GunDongView */,
				2115E3891D530F9900119C4B /* GunDongViewTests */,
				2115E3941D530F9900119C4B /* GunDongViewUITests */,
				2115E36E1D530F9900119C4B /* Products */,
			);
			sourceTree = "<group>";
		};
		2115E36E1D530F9900119C4B /* Products */ = {
			isa = PBXGroup;
			children = (
				2115E36D1D530F9900119C4B /* GunDongView.app */,
				2115E3861D530F9900119C4B /* GunDongViewTests.xctest */,
				2115E3911D530F9900119C4B /* GunDongViewUITests.xctest */,
			);
			name = Products;
			sourceTree = "<group>";
		};
		2115E36F1D530F9900119C4B /* GunDongView */ = {
			isa = PBXGroup;
			children = (
				2115E3731D530F9900119C4B /* AppDelegate.h */,
				2115E3741D530F9900119C4B /* AppDelegate.m */,
				2115E3761D530F9900119C4B /* ViewController.h */,
				2115E3771D530F9900119C4B /* ViewController.m */,
				2115E3BE1D532E0100119C4B /* TestViewController.h */,
				2115E3BF1D532E0100119C4B /* TestViewController.m */,
				2115E3C11D53385100119C4B /* TestCell.h */,
				2115E3C21D53385100119C4B /* TestCell.m */,
				2115E3C31D53385100119C4B /* TestCell.xib */,
				2115E3791D530F9900119C4B /* Main.storyboard */,
				2115E37C1D530F9900119C4B /* Assets.xcassets */,
				2115E37E1D530F9900119C4B /* LaunchScreen.storyboard */,
				2115E3811D530F9900119C4B /* Info.plist */,
				2115E3701D530F9900119C4B /* Supporting Files */,
			);
			path = GunDongView;
			sourceTree = "<group>";
		};
		2115E3701D530F9900119C4B /* Supporting Files */ = {
			isa = PBXGroup;
			children = (
				2115E3711D530F9900119C4B /* main.m */,
			);
			name = "Supporting Files";
			sourceTree = "<group>";
		};
		2115E3891D530F9900119C4B /* GunDongViewTests */ = {
			isa = PBXGroup;
			children = (
				2115E38A1D530F9900119C4B /* GunDongViewTests.m */,
				2115E38C1D530F9900119C4B /* Info.plist */,
			);
			path = GunDongViewTests;
			sourceTree = "<group>";
		};
		2115E3941D530F9900119C4B /* GunDongViewUITests */ = {
			isa = PBXGroup;
			children = (
				2115E3951D530F9900119C4B /* GunDongViewUITests.m */,
				2115E3971D530F9900119C4B /* Info.plist */,
			);
			path = GunDongViewUITests;
			sourceTree = "<group>";
		};
		2115E3A71D532D5900119C4B /* ZJScrollPageView */ = {
			isa = PBXGroup;
			children = (
				2115E3A81D532D5900119C4B /* UIView+ZJFrame.h */,
				2115E3A91D532D5900119C4B /* UIView+ZJFrame.m */,
				2115E3AA1D532D5900119C4B /* UIViewController+ZJScrollPageController.h */,
				2115E3AB1D532D5900119C4B /* UIViewController+ZJScrollPageController.m */,
				2115E3AC1D532D5900119C4B /* ZJContentView.h */,
				2115E3AD1D532D5900119C4B /* ZJContentView.m */,
				2115E3AE1D532D5900119C4B /* ZJCustomLabel.h */,
				2115E3AF1D532D5900119C4B /* ZJCustomLabel.m */,
				2115E3B01D532D5900119C4B /* ZJScrollPageView.h */,
				2115E3B11D532D5900119C4B /* ZJScrollPageView.m */,
				2115E3B21D532D5900119C4B /* ZJScrollPageViewDelegate.h */,
				2115E3B31D532D5900119C4B /* ZJScrollSegmentView.h */,
				2115E3B41D532D5900119C4B /* ZJScrollSegmentView.m */,
				2115E3B51D532D5900119C4B /* ZJSegmentStyle.h */,
				2115E3B61D532D5900119C4B /* ZJSegmentStyle.m */,
			);
			path = ZJScrollPageView;
			sourceTree = "<group>";
		};
/* End PBXGroup section */

/* Begin PBXNativeTarget section */
		2115E36C1D530F9900119C4B /* GunDongView */ = {
			isa = PBXNativeTarget;
			buildConfigurationList = 2115E39A1D530F9900119C4B /* Build configuration list for PBXNativeTarget "GunDongView" */;
			buildPhases = (
				2115E3691D530F9900119C4B /* Sources */,
				2115E36A1D530F9900119C4B /* Frameworks */,
				2115E36B1D530F9900119C4B /* Resources */,
			);
			buildRules = (
			);
			dependencies = (
			);
			name = GunDongView;
			productName = GunDongView;
			productReference = 2115E36D1D530F9900119C4B /* GunDongView.app */;
			productType = "com.apple.product-type.application";
		};
		2115E3851D530F9900119C4B /* GunDongViewTests */ = {
			isa = PBXNativeTarget;
			buildConfigurationList = 2115E39D1D530F9900119C4B /* Build configuration list for PBXNativeTarget "GunDongViewTests" */;
			buildPhases = (
				2115E3821D530F9900119C4B /* Sources */,
				2115E3831D530F9900119C4B /* Frameworks */,
				2115E3841D530F9900119C4B /* Resources */,
			);
			buildRules = (
			);
			dependencies = (
				2115E3881D530F9900119C4B /* PBXTargetDependency */,
			);
			name = GunDongViewTests;
			productName = GunDongViewTests;
			productReference = 2115E3861D530F9900119C4B /* GunDongViewTests.xctest */;
			productType = "com.apple.product-type.bundle.unit-test";
		};
		2115E3901D530F9900119C4B /* GunDongViewUITests */ = {
			isa = PBXNativeTarget;
			buildConfigurationList = 2115E3A01D530F9900119C4B /* Build configuration list for PBXNativeTarget "GunDongViewUITests" */;
			buildPhases = (
				2115E38D1D530F9900119C4B /* Sources */,
				2115E38E1D530F9900119C4B /* Frameworks */,
				2115E38F1D530F9900119C4B /* Resources */,
			);
			buildRules = (
			);
			dependencies = (
				2115E3931D530F9900119C4B /* PBXTargetDependency */,
			);
			name = GunDongViewUITests;
			productName = GunDongViewUITests;
			productReference = 2115E3911D530F9900119C4B /* GunDongViewUITests.xctest */;
			productType = "com.apple.product-type.bundle.ui-testing";
		};
/* End PBXNativeTarget section */

/* Begin PBXProject section */
		2115E3651D530F9900119C4B /* Project object */ = {
			isa = PBXProject;
			attributes = {
				LastUpgradeCheck = 0730;
				ORGANIZATIONNAME = "孟仁杰";
				TargetAttributes = {
					2115E36C1D530F9900119C4B = {
						CreatedOnToolsVersion = 7.3.1;
						DevelopmentTeam = RN42P92PY7;
					};
					2115E3851D530F9900119C4B = {
						CreatedOnToolsVersion = 7.3.1;
						TestTargetID = 2115E36C1D530F9900119C4B;
					};
					2115E3901D530F9900119C4B = {
						CreatedOnToolsVersion = 7.3.1;
						TestTargetID = 2115E36C1D530F9900119C4B;
					};
				};
			};
			buildConfigurationList = 2115E3681D530F9900119C4B /* Build configuration list for PBXProject "GunDongView" */;
			compatibilityVersion = "Xcode 3.2";
			developmentRegion = English;
			hasScannedForEncodings = 0;
			knownRegions = (
				en,
				Base,
			);
			mainGroup = 2115E3641D530F9900119C4B;
			productRefGroup = 2115E36E1D530F9900119C4B /* Products */;
			projectDirPath = "";
			projectRoot = "";
			targets = (
				2115E36C1D530F9900119C4B /* GunDongView */,
				2115E3851D530F9900119C4B /* GunDongViewTests */,
				2115E3901D530F9900119C4B /* GunDongViewUITests */,
			);
		};
/* End PBXProject section */

/* Begin PBXResourcesBuildPhase section */
		2115E36B1D530F9900119C4B /* Resources */ = {
			isa = PBXResourcesBuildPhase;
			buildActionMask = 2147483647;
			files = (
				2115E3801D530F9900119C4B /* LaunchScreen.storyboard in Resources */,
				2115E3C51D53385100119C4B /* TestCell.xib in Resources */,
				2115E37D1D530F9900119C4B /* Assets.xcassets in Resources */,
				2115E37B1D530F9900119C4B /* Main.storyboard in Resources */,
			);
			runOnlyForDeploymentPostprocessing = 0;
		};
		2115E3841D530F9900119C4B /* Resources */ = {
			isa = PBXResourcesBuildPhase;
			buildActionMask = 2147483647;
			files = (
			);
			runOnlyForDeploymentPostprocessing = 0;
		};
		2115E38F1D530F9900119C4B /* Resources */ = {
			isa = PBXResourcesBuildPhase;
			buildActionMask = 2147483647;
			files = (
			);
			runOnlyForDeploymentPostprocessing = 0;
		};
/* End PBXResourcesBuildPhase section */

/* Begin PBXSourcesBuildPhase section */
		2115E3691D530F9900119C4B /* Sources */ = {
			isa = PBXSourcesBuildPhase;
			buildActionMask = 2147483647;
			files = (
				2115E3BC1D532D5900119C4B /* ZJScrollSegmentView.m in Sources */,
				2115E3C41D53385100119C4B /* TestCell.m in Sources */,
				2115E3BB1D532D5900119C4B /* ZJScrollPageView.m in Sources */,
				2115E3B91D532D5900119C4B /* ZJContentView.m in Sources */,
				2115E3781D530F9900119C4B /* ViewController.m in Sources */,
				2115E3B81D532D5900119C4B /* UIViewController+ZJScrollPageController.m in Sources */,
				2115E3751D530F9900119C4B /* AppDelegate.m in Sources */,
				2115E3B71D532D5900119C4B /* UIView+ZJFrame.m in Sources */,
				2115E3C01D532E0100119C4B /* TestViewController.m in Sources */,
				2115E3BA1D532D5900119C4B /* ZJCustomLabel.m in Sources */,
				2115E3721D530F9900119C4B /* main.m in Sources */,
				2115E3BD1D532D5900119C4B /* ZJSegmentStyle.m in Sources */,
			);
			runOnlyForDeploymentPostprocessing = 0;
		};
		2115E3821D530F9900119C4B /* Sources */ = {
			isa = PBXSourcesBuildPhase;
			buildActionMask = 2147483647;
			files = (
				2115E38B1D530F9900119C4B /* GunDongViewTests.m in Sources */,
			);
			runOnlyForDeploymentPostprocessing = 0;
		};
		2115E38D1D530F9900119C4B /* Sources */ = {
			isa = PBXSourcesBuildPhase;
			buildActionMask = 2147483647;
			files = (
				2115E3961D530F9900119C4B /* GunDongViewUITests.m in Sources */,
			);
			runOnlyForDeploymentPostprocessing = 0;
		};
/* End PBXSourcesBuildPhase section */

/* Begin PBXTargetDependency section */
		2115E3881D530F9900119C4B /* PBXTargetDependency */ = {
			isa = PBXTargetDependency;
			target = 2115E36C1D530F9900119C4B /* GunDongView */;
			targetProxy = 2115E3871D530F9900119C4B /* PBXContainerItemProxy */;
		};
		2115E3931D530F9900119C4B /* PBXTargetDependency */ = {
			isa = PBXTargetDependency;
			target = 2115E36C1D530F9900119C4B /* GunDongView */;
			targetProxy = 2115E3921D530F9900119C4B /* PBXContainerItemProxy */;
		};
/* End PBXTargetDependency section */

/* Begin PBXVariantGroup section */
		2115E3791D530F9900119C4B /* Main.storyboard */ = {
			isa = PBXVariantGroup;
			children = (
				2115E37A1D530F9900119C4B /* Base */,
			);
			name = Main.storyboard;
			sourceTree = "<group>";
		};
		2115E37E1D530F9900119C4B /* LaunchScreen.storyboard */ = {
			isa = PBXVariantGroup;
			children = (
				2115E37F1D530F9900119C4B /* Base */,
			);
			name = LaunchScreen.storyboard;
			sourceTree = "<group>";
		};
/* End PBXVariantGroup section */

/* Begin XCBuildConfiguration section */
		2115E3981D530F9900119C4B /* Debug */ = {
			isa = XCBuildConfiguration;
			buildSettings = {
				ALWAYS_SEARCH_USER_PATHS = NO;
				CLANG_ANALYZER_NONNULL = YES;
				CLANG_CXX_LANGUAGE_STANDARD = "gnu++0x";
				CLANG_CXX_LIBRARY = "libc++";
				CLANG_ENABLE_MODULES = YES;
				CLANG_ENABLE_OBJC_ARC = YES;
				CLANG_WARN_BOOL_CONVERSION = YES;
				CLANG_WARN_CONSTANT_CONVERSION = YES;
				CLANG_WARN_DIRECT_OBJC_ISA_USAGE = YES_ERROR;
				CLANG_WARN_EMPTY_BODY = YES;
				CLANG_WARN_ENUM_CONVERSION = YES;
				CLANG_WARN_INT_CONVERSION = YES;
				CLANG_WARN_OBJC_ROOT_CLASS = YES_ERROR;
				CLANG_WARN_UNREACHABLE_CODE = YES;
				CLANG_WARN__DUPLICATE_METHOD_MATCH = YES;
				"CODE_SIGN_IDENTITY[sdk=iphoneos*]" = "iPhone Developer";
				COPY_PHASE_STRIP = NO;
				DEBUG_INFORMATION_FORMAT = dwarf;
				ENABLE_STRICT_OBJC_MSGSEND = YES;
				ENABLE_TESTABILITY = YES;
				GCC_C_LANGUAGE_STANDARD = gnu99;
				GCC_DYNAMIC_NO_PIC = NO;
				GCC_NO_COMMON_BLOCKS = YES;
				GCC_OPTIMIZATION_LEVEL = 0;
				GCC_PREPROCESSOR_DEFINITIONS = (
					"DEBUG=1",
					"$(inherited)",
				);
				GCC_WARN_64_TO_32_BIT_CONVERSION = YES;
				GCC_WARN_ABOUT_RETURN_TYPE = YES_ERROR;
				GCC_WARN_UNDECLARED_SELECTOR = YES;
				GCC_WARN_UNINITIALIZED_AUTOS = YES_AGGRESSIVE;
				GCC_WARN_UNUSED_FUNCTION = YES;
				GCC_WARN_UNUSED_VARIABLE = YES;
				IPHONEOS_DEPLOYMENT_TARGET = 9.3;
				MTL_ENABLE_DEBUG_INFO = YES;
				ONLY_ACTIVE_ARCH = YES;
				SDKROOT = iphoneos;
				TARGETED_DEVICE_FAMILY = "1,2";
			};
			name = Debug;
		};
		2115E3991D530F9900119C4B /* Release */ = {
			isa = XCBuildConfiguration;
			buildSettings = {
				ALWAYS_SEARCH_USER_PATHS = NO;
				CLANG_ANALYZER_NONNULL = YES;
				CLANG_CXX_LANGUAGE_STANDARD = "gnu++0x";
				CLANG_CXX_LIBRARY = "libc++";
				CLANG_ENABLE_MODULES = YES;
				CLANG_ENABLE_OBJC_ARC = YES;
				CLANG_WARN_BOOL_CONVERSION = YES;
				CLANG_WARN_CONSTANT_CONVERSION = YES;
				CLANG_WARN_DIRECT_OBJC_ISA_USAGE = YES_ERROR;
				CLANG_WARN_EMPTY_BODY = YES;
				CLANG_WARN_ENUM_CONVERSION = YES;
				CLANG_WARN_INT_CONVERSION = YES;
				CLANG_WARN_OBJC_ROOT_CLASS = YES_ERROR;
				CLANG_WARN_UNREACHABLE_CODE = YES;
				CLANG_WARN__DUPLICATE_METHOD_MATCH = YES;
				"CODE_SIGN_IDENTITY[sdk=iphoneos*]" = "iPhone Developer";
				COPY_PHASE_STRIP = NO;
				DEBUG_INFORMATION_FORMAT = "dwarf-with-dsym";
				ENABLE_NS_ASSERTIONS = NO;
				ENABLE_STRICT_OBJC_MSGSEND = YES;
				GCC_C_LANGUAGE_STANDARD = gnu99;
				GCC_NO_COMMON_BLOCKS = YES;
				GCC_WARN_64_TO_32_BIT_CONVERSION = YES;
				GCC_WARN_ABOUT_RETURN_TYPE = YES_ERROR;
				GCC_WARN_UNDECLARED_SELECTOR = YES;
				GCC_WARN_UNINITIALIZED_AUTOS = YES_AGGRESSIVE;
				GCC_WARN_UNUSED_FUNCTION = YES;
				GCC_WARN_UNUSED_VARIABLE = YES;
				IPHONEOS_DEPLOYMENT_TARGET = 9.3;
				MTL_ENABLE_DEBUG_INFO = NO;
				SDKROOT = iphoneos;
				TARGETED_DEVICE_FAMILY = "1,2";
				VALIDATE_PRODUCT = YES;
			};
			name = Release;
		};
		2115E39B1D530F9900119C4B /* Debug */ = {
			isa = XCBuildConfiguration;
			buildSettings = {
				ASSETCATALOG_COMPILER_APPICON_NAME = AppIcon;
				DEVELOPMENT_TEAM = RN42P92PY7;
				INFOPLIST_FILE = GunDongView/Info.plist;
				LD_RUNPATH_SEARCH_PATHS = "$(inherited) @executable_path/Frameworks";
				PRODUCT_BUNDLE_IDENTIFIER = com.up.1;
				PRODUCT_NAME = "$(TARGET_NAME)";
			};
			name = Debug;
		};
		2115E39C1D530F9900119C4B /* Release */ = {
			isa = XCBuildConfiguration;
			buildSettings = {
				ASSETCATALOG_COMPILER_APPICON_NAME = AppIcon;
				DEVELOPMENT_TEAM = RN42P92PY7;
				INFOPLIST_FILE = GunDongView/Info.plist;
				LD_RUNPATH_SEARCH_PATHS = "$(inherited) @executable_path/Frameworks";
				PRODUCT_BUNDLE_IDENTIFIER = com.up.1;
				PRODUCT_NAME = "$(TARGET_NAME)";
			};
			name = Release;
		};
		2115E39E1D530F9900119C4B /* Debug */ = {
			isa = XCBuildConfiguration;
			buildSettings = {
				BUNDLE_LOADER = "$(TEST_HOST)";
				INFOPLIST_FILE = GunDongViewTests/Info.plist;
				LD_RUNPATH_SEARCH_PATHS = "$(inherited) @executable_path/Frameworks @loader_path/Frameworks";
				PRODUCT_BUNDLE_IDENTIFIER = com.GunDongViewTests;
				PRODUCT_NAME = "$(TARGET_NAME)";
				TEST_HOST = "$(BUILT_PRODUCTS_DIR)/GunDongView.app/GunDongView";
			};
			name = Debug;
		};
		2115E39F1D530F9900119C4B /* Release */ = {
			isa = XCBuildConfiguration;
			buildSettings = {
				BUNDLE_LOADER = "$(TEST_HOST)";
				INFOPLIST_FILE = GunDongViewTests/Info.plist;
				LD_RUNPATH_SEARCH_PATHS = "$(inherited) @executable_path/Frameworks @loader_path/Frameworks";
				PRODUCT_BUNDLE_IDENTIFIER = com.GunDongViewTests;
				PRODUCT_NAME = "$(TARGET_NAME)";
				TEST_HOST = "$(BUILT_PRODUCTS_DIR)/GunDongView.app/GunDongView";
			};
			name = Release;
		};
		2115E3A11D530F9900119C4B /* Debug */ = {
			isa = XCBuildConfiguration;
			buildSettings = {
				INFOPLIST_FILE = GunDongViewUITests/Info.plist;
				LD_RUNPATH_SEARCH_PATHS = "$(inherited) @executable_path/Frameworks @loader_path/Frameworks";
				PRODUCT_BUNDLE_IDENTIFIER = com.GunDongViewUITests;
				PRODUCT_NAME = "$(TARGET_NAME)";
				TEST_TARGET_NAME = GunDongView;
			};
			name = Debug;
		};
		2115E3A21D530F9900119C4B /* Release */ = {
			isa = XCBuildConfiguration;
			buildSettings = {
				INFOPLIST_FILE = GunDongViewUITests/Info.plist;
				LD_RUNPATH_SEARCH_PATHS = "$(inherited) @executable_path/Frameworks @loader_path/Frameworks";
				PRODUCT_BUNDLE_IDENTIFIER = com.GunDongViewUITests;
				PRODUCT_NAME = "$(TARGET_NAME)";
				TEST_TARGET_NAME = GunDongView;
			};
			name = Release;
		};
/* End XCBuildConfiguration section */

/* Begin XCConfigurationList section */
		2115E3681D530F9900119C4B /* Build configuration list for PBXProject "GunDongView" */ = {
			isa = XCConfigurationList;
			buildConfigurations = (
				2115E3981D530F9900119C4B /* Debug */,
				2115E3991D530F9900119C4B /* Release */,
			);
			defaultConfigurationIsVisible = 0;
			defaultConfigurationName = Release;
		};
		2115E39A1D530F9900119C4B /* Build configuration list for PBXNativeTarget "GunDongView" */ = {
			isa = XCConfigurationList;
			buildConfigurations = (
				2115E39B1D530F9900119C4B /* Debug */,
				2115E39C1D530F9900119C4B /* Release */,
			);
			defaultConfigurationIsVisible = 0;
			defaultConfigurationName = Release;
		};
		2115E39D1D530F9900119C4B /* Build configuration list for PBXNativeTarget "GunDongViewTests" */ = {
			isa = XCConfigurationList;
			buildConfigurations = (
				2115E39E1D530F9900119C4B /* Debug */,
				2115E39F1D530F9900119C4B /* Release */,
			);
			defaultConfigurationIsVisible = 0;
			defaultConfigurationName = Release;
		};
		2115E3A01D530F9900119C4B /* Build configuration list for PBXNativeTarget "GunDongViewUITests" */ = {
			isa = XCConfigurationList;
			buildConfigurations = (
				2115E3A11D530F9900119C4B /* Debug */,
				2115E3A21D530F9900119C4B /* Release */,
			);
			defaultConfigurationIsVisible = 0;
			defaultConfigurationName = Release;
		};
/* End XCConfigurationList section */
	};
	rootObject = 2115E3651D530F9900119C4B /* Project object */;
}
